// !$*UTF8*$!
{
	archiveVersion = 1;
	classes = {
	};
	objectVersion = 56;
	objects = {

/* Begin PBXBuildFile section */
		3502B4C329C08A3D00C322FA /* AppDelegate.swift in Sources */ = {isa = PBXBuildFile; fileRef = 3502B4C229C08A3D00C322FA /* AppDelegate.swift */; };
		3502B4C529C08A3D00C322FA /* SceneDelegate.swift in Sources */ = {isa = PBXBuildFile; fileRef = 3502B4C429C08A3D00C322FA /* SceneDelegate.swift */; };
		3502B4C729C08A3D00C322FA /* ViewController.swift in Sources */ = {isa = PBXBuildFile; fileRef = 3502B4C629C08A3D00C322FA /* ViewController.swift */; };
		3502B4CA29C08A3D00C322FA /* Main.storyboard in Resources */ = {isa = PBXBuildFile; fileRef = 3502B4C829C08A3D00C322FA /* Main.storyboard */; };
		3502B4CC29C08A3E00C322FA /* Assets.xcassets in Resources */ = {isa = PBXBuildFile; fileRef = 3502B4CB29C08A3E00C322FA /* Assets.xcassets */; };
		3502B4CF29C08A3E00C322FA /* LaunchScreen.storyboard in Resources */ = {isa = PBXBuildFile; fileRef = 3502B4CD29C08A3E00C322FA /* LaunchScreen.storyboard */; };
		3502B4DA29C08A3F00C322FA /* YouTubeAppPadcTests.swift in Sources */ = {isa = PBXBuildFile; fileRef = 3502B4D929C08A3F00C322FA /* YouTubeAppPadcTests.swift */; };
		3502B4E429C08A3F00C322FA /* YouTubeAppPadcUITests.swift in Sources */ = {isa = PBXBuildFile; fileRef = 3502B4E329C08A3F00C322FA /* YouTubeAppPadcUITests.swift */; };
		3502B4E629C08A3F00C322FA /* YouTubeAppPadcUITestsLaunchTests.swift in Sources */ = {isa = PBXBuildFile; fileRef = 3502B4E529C08A3F00C322FA /* YouTubeAppPadcUITestsLaunchTests.swift */; };
		3502B4F329C08B4500C322FA /* d4482ba4e7ebdbff7b8ba73e7d39aceb.jpg in Resources */ = {isa = PBXBuildFile; fileRef = 3502B4F229C08B4500C322FA /* d4482ba4e7ebdbff7b8ba73e7d39aceb.jpg */; };
		3502B4F629C08CA900C322FA /* image in Resources */ = {isa = PBXBuildFile; fileRef = 3502B4F429C08CA900C322FA /* image */; };
		3502B4F729C08CA900C322FA /* logo in Resources */ = {isa = PBXBuildFile; fileRef = 3502B4F529C08CA900C322FA /* logo */; };
		3502B4F929C08CCF00C322FA /* user.jpeg in Resources */ = {isa = PBXBuildFile; fileRef = 3502B4F829C08CCF00C322FA /* user.jpeg */; };
		3502B4FD29C08F7900C322FA /* youtube-logo.png in Resources */ = {isa = PBXBuildFile; fileRef = 3502B4FC29C08F7900C322FA /* youtube-logo.png */; };
		3502B4FF29C0931200C322FA /* youtube in Resources */ = {isa = PBXBuildFile; fileRef = 3502B4FE29C0931200C322FA /* youtube */; };
		358101F629C17AED00E518D9 /* VideoDetailsViewController.swift in Sources */ = {isa = PBXBuildFile; fileRef = 358101F529C17AED00E518D9 /* VideoDetailsViewController.swift */; };
		35DF5E4529C173F400DD8383 /* VideoTableViewCell.swift in Sources */ = {isa = PBXBuildFile; fileRef = 35DF5E4329C173F400DD8383 /* VideoTableViewCell.swift */; };
		35DF5E4629C173F400DD8383 /* VideoTableViewCell.xib in Resources */ = {isa = PBXBuildFile; fileRef = 35DF5E4429C173F400DD8383 /* VideoTableViewCell.xib */; };
/* End PBXBuildFile section */

/* Begin PBXContainerItemProxy section */
		3502B4D629C08A3F00C322FA /* PBXContainerItemProxy */ = {
			isa = PBXContainerItemProxy;
			containerPortal = 3502B4B729C08A3D00C322FA /* Project object */;
			proxyType = 1;
			remoteGlobalIDString = 3502B4BE29C08A3D00C322FA;
			remoteInfo = YouTubeAppPadc;
		};
		3502B4E029C08A3F00C322FA /* PBXContainerItemProxy */ = {
			isa = PBXContainerItemProxy;
			containerPortal = 3502B4B729C08A3D00C322FA /* Project object */;
			proxyType = 1;
			remoteGlobalIDString = 3502B4BE29C08A3D00C322FA;
			remoteInfo = YouTubeAppPadc;
		};
/* End PBXContainerItemProxy section */

/* Begin PBXFileReference section */
		3502B4BF29C08A3D00C322FA /* YouTubeAppPadc.app */ = {isa = PBXFileReference; explicitFileType = wrapper.application; includeInIndex = 0; path = YouTubeAppPadc.app; sourceTree = BUILT_PRODUCTS_DIR; };
		3502B4C229C08A3D00C322FA /* AppDelegate.swift */ = {isa = PBXFileReference; lastKnownFileType = sourcecode.swift; path = AppDelegate.swift; sourceTree = "<group>"; };
		3502B4C429C08A3D00C322FA /* SceneDelegate.swift */ = {isa = PBXFileReference; lastKnownFileType = sourcecode.swift; path = SceneDelegate.swift; sourceTree = "<group>"; };
		3502B4C629C08A3D00C322FA /* ViewController.swift */ = {isa = PBXFileReference; lastKnownFileType = sourcecode.swift; path = ViewController.swift; sourceTree = "<group>"; };
		3502B4C929C08A3D00C322FA /* Base */ = {isa = PBXFileReference; lastKnownFileType = file.storyboard; name = Base; path = Base.lproj/Main.storyboard; sourceTree = "<group>"; };
		3502B4CB29C08A3E00C322FA /* Assets.xcassets */ = {isa = PBXFileReference; lastKnownFileType = folder.assetcatalog; path = Assets.xcassets; sourceTree = "<group>"; };
		3502B4CE29C08A3E00C322FA /* Base */ = {isa = PBXFileReference; lastKnownFileType = file.storyboard; name = Base; path = Base.lproj/LaunchScreen.storyboard; sourceTree = "<group>"; };
		3502B4D029C08A3E00C322FA /* Info.plist */ = {isa = PBXFileReference; lastKnownFileType = text.plist.xml; path = Info.plist; sourceTree = "<group>"; };
		3502B4D529C08A3F00C322FA /* YouTubeAppPadcTests.xctest */ = {isa = PBXFileReference; explicitFileType = wrapper.cfbundle; includeInIndex = 0; path = YouTubeAppPadcTests.xctest; sourceTree = BUILT_PRODUCTS_DIR; };
		3502B4D929C08A3F00C322FA /* YouTubeAppPadcTests.swift */ = {isa = PBXFileReference; lastKnownFileType = sourcecode.swift; path = YouTubeAppPadcTests.swift; sourceTree = "<group>"; };
		3502B4DF29C08A3F00C322FA /* YouTubeAppPadcUITests.xctest */ = {isa = PBXFileReference; explicitFileType = wrapper.cfbundle; includeInIndex = 0; path = YouTubeAppPadcUITests.xctest; sourceTree = BUILT_PRODUCTS_DIR; };
		3502B4E329C08A3F00C322FA /* YouTubeAppPadcUITests.swift */ = {isa = PBXFileReference; lastKnownFileType = sourcecode.swift; path = YouTubeAppPadcUITests.swift; sourceTree = "<group>"; };
		3502B4E529C08A3F00C322FA /* YouTubeAppPadcUITestsLaunchTests.swift */ = {isa = PBXFileReference; lastKnownFileType = sourcecode.swift; path = YouTubeAppPadcUITestsLaunchTests.swift; sourceTree = "<group>"; };
		3502B4F229C08B4500C322FA /* d4482ba4e7ebdbff7b8ba73e7d39aceb.jpg */ = {isa = PBXFileReference; lastKnownFileType = image.jpeg; name = d4482ba4e7ebdbff7b8ba73e7d39aceb.jpg; path = ../../Downloads/d4482ba4e7ebdbff7b8ba73e7d39aceb.jpg; sourceTree = "<group>"; };
		3502B4F429C08CA900C322FA /* image */ = {isa = PBXFileReference; lastKnownFileType = file; name = image; path = ../../image; sourceTree = "<group>"; };
		3502B4F529C08CA900C322FA /* logo */ = {isa = PBXFileReference; lastKnownFileType = file; name = logo; path = ../../logo; sourceTree = "<group>"; };
		3502B4F829C08CCF00C322FA /* user.jpeg */ = {isa = PBXFileReference; lastKnownFileType = image.jpeg; name = user.jpeg; path = ../../../Downloads/user.jpeg; sourceTree = "<group>"; };
		3502B4FC29C08F7900C322FA /* youtube-logo.png */ = {isa = PBXFileReference; lastKnownFileType = image.png; name = "youtube-logo.png"; path = "../../../Downloads/youtube-logo.png"; sourceTree = "<group>"; };
		3502B4FE29C0931200C322FA /* youtube */ = {isa = PBXFileReference; lastKnownFileType = file; name = youtube; path = ../../Downloads/youtube; sourceTree = "<group>"; };
		358101F529C17AED00E518D9 /* VideoDetailsViewController.swift */ = {isa = PBXFileReference; lastKnownFileType = sourcecode.swift; path = VideoDetailsViewController.swift; sourceTree = "<group>"; };
		35DF5E4329C173F400DD8383 /* VideoTableViewCell.swift */ = {isa = PBXFileReference; lastKnownFileType = sourcecode.swift; path = VideoTableViewCell.swift; sourceTree = "<group>"; };
		35DF5E4429C173F400DD8383 /* VideoTableViewCell.xib */ = {isa = PBXFileReference; lastKnownFileType = file.xib; path = VideoTableViewCell.xib; sourceTree = "<group>"; };
/* End PBXFileReference section */

/* Begin PBXFrameworksBuildPhase section */
		3502B4BC29C08A3D00C322FA /* Frameworks */ = {
			isa = PBXFrameworksBuildPhase;
			buildActionMask = 2147483647;
			files = (
			);
			runOnlyForDeploymentPostprocessing = 0;
		};
		3502B4D229C08A3F00C322FA /* Frameworks */ = {
			isa = PBXFrameworksBuildPhase;
			buildActionMask = 2147483647;
			files = (
			);
			runOnlyForDeploymentPostprocessing = 0;
		};
		3502B4DC29C08A3F00C322FA /* Frameworks */ = {
			isa = PBXFrameworksBuildPhase;
			buildActionMask = 2147483647;
			files = (
			);
			runOnlyForDeploymentPostprocessing = 0;
		};
/* End PBXFrameworksBuildPhase section */

/* Begin PBXGroup section */
		3502B4B629C08A3D00C322FA = {
			isa = PBXGroup;
			children = (
				3502B4FE29C0931200C322FA /* youtube */,
				3502B4F229C08B4500C322FA /* d4482ba4e7ebdbff7b8ba73e7d39aceb.jpg */,
				3502B4C129C08A3D00C322FA /* YouTubeAppPadc */,
				3502B4D829C08A3F00C322FA /* YouTubeAppPadcTests */,
				3502B4E229C08A3F00C322FA /* YouTubeAppPadcUITests */,
				3502B4C029C08A3D00C322FA /* Products */,
			);
			sourceTree = "<group>";
		};
		3502B4C029C08A3D00C322FA /* Products */ = {
			isa = PBXGroup;
			children = (
				3502B4BF29C08A3D00C322FA /* YouTubeAppPadc.app */,
				3502B4D529C08A3F00C322FA /* YouTubeAppPadcTests.xctest */,
				3502B4DF29C08A3F00C322FA /* YouTubeAppPadcUITests.xctest */,
			);
			name = Products;
			sourceTree = "<group>";
		};
		3502B4C129C08A3D00C322FA /* YouTubeAppPadc */ = {
			isa = PBXGroup;
			children = (
				3502B4FB29C08D7E00C322FA /* Storyboards */,
				3502B4FA29C08D6900C322FA /* ViewController */,
				3502B4CB29C08A3E00C322FA /* Assets.xcassets */,
				35DF5E4229C173C600DD8383 /* tableviewcells */,
				3502B4FC29C08F7900C322FA /* youtube-logo.png */,
				3502B4F829C08CCF00C322FA /* user.jpeg */,
				3502B4F429C08CA900C322FA /* image */,
				3502B4F529C08CA900C322FA /* logo */,
				3502B4C229C08A3D00C322FA /* AppDelegate.swift */,
				3502B4C429C08A3D00C322FA /* SceneDelegate.swift */,
				3502B4D029C08A3E00C322FA /* Info.plist */,
			);
			path = YouTubeAppPadc;
			sourceTree = "<group>";
		};
		3502B4D829C08A3F00C322FA /* YouTubeAppPadcTests */ = {
			isa = PBXGroup;
			children = (
				3502B4D929C08A3F00C322FA /* YouTubeAppPadcTests.swift */,
			);
			path = YouTubeAppPadcTests;
			sourceTree = "<group>";
		};
		3502B4E229C08A3F00C322FA /* YouTubeAppPadcUITests */ = {
			isa = PBXGroup;
			children = (
				3502B4E329C08A3F00C322FA /* YouTubeAppPadcUITests.swift */,
				3502B4E529C08A3F00C322FA /* YouTubeAppPadcUITestsLaunchTests.swift */,
			);
			path = YouTubeAppPadcUITests;
			sourceTree = "<group>";
		};
		3502B4FA29C08D6900C322FA /* ViewController */ = {
			isa = PBXGroup;
			children = (
				3502B4C629C08A3D00C322FA /* ViewController.swift */,
				358101F529C17AED00E518D9 /* VideoDetailsViewController.swift */,
			);
			path = ViewController;
			sourceTree = "<group>";
		};
		3502B4FB29C08D7E00C322FA /* Storyboards */ = {
			isa = PBXGroup;
			children = (
				3502B4CD29C08A3E00C322FA /* LaunchScreen.storyboard */,
				3502B4C829C08A3D00C322FA /* Main.storyboard */,
			);
			path = Storyboards;
			sourceTree = "<group>";
		};
		35DF5E4229C173C600DD8383 /* tableviewcells */ = {
			isa = PBXGroup;
			children = (
				35DF5E4829C174DD00DD8383 /* nib */,
				35DF5E4729C174D500DD8383 /* swift */,
			);
			name = tableviewcells;
			sourceTree = "<group>";
		};
		35DF5E4729C174D500DD8383 /* swift */ = {
			isa = PBXGroup;
			children = (
				35DF5E4329C173F400DD8383 /* VideoTableViewCell.swift */,
			);
			name = swift;
			sourceTree = "<group>";
		};
		35DF5E4829C174DD00DD8383 /* nib */ = {
			isa = PBXGroup;
			children = (
				35DF5E4429C173F400DD8383 /* VideoTableViewCell.xib */,
			);
			name = nib;
			sourceTree = "<group>";
		};
/* End PBXGroup section */

/* Begin PBXNativeTarget section */
		3502B4BE29C08A3D00C322FA /* YouTubeAppPadc */ = {
			isa = PBXNativeTarget;
			buildConfigurationList = 3502B4E929C08A3F00C322FA /* Build configuration list for PBXNativeTarget "YouTubeAppPadc" */;
			buildPhases = (
				3502B4BB29C08A3D00C322FA /* Sources */,
				3502B4BC29C08A3D00C322FA /* Frameworks */,
				3502B4BD29C08A3D00C322FA /* Resources */,
			);
			buildRules = (
			);
			dependencies = (
			);
			name = YouTubeAppPadc;
			productName = YouTubeAppPadc;
			productReference = 3502B4BF29C08A3D00C322FA /* YouTubeAppPadc.app */;
			productType = "com.apple.product-type.application";
		};
		3502B4D429C08A3F00C322FA /* YouTubeAppPadcTests */ = {
			isa = PBXNativeTarget;
			buildConfigurationList = 3502B4EC29C08A3F00C322FA /* Build configuration list for PBXNativeTarget "YouTubeAppPadcTests" */;
			buildPhases = (
				3502B4D129C08A3F00C322FA /* Sources */,
				3502B4D229C08A3F00C322FA /* Frameworks */,
				3502B4D329C08A3F00C322FA /* Resources */,
			);
			buildRules = (
			);
			dependencies = (
				3502B4D729C08A3F00C322FA /* PBXTargetDependency */,
			);
			name = YouTubeAppPadcTests;
			productName = YouTubeAppPadcTests;
			productReference = 3502B4D529C08A3F00C322FA /* YouTubeAppPadcTests.xctest */;
			productType = "com.apple.product-type.bundle.unit-test";
		};
		3502B4DE29C08A3F00C322FA /* YouTubeAppPadcUITests */ = {
			isa = PBXNativeTarget;
			buildConfigurationList = 3502B4EF29C08A3F00C322FA /* Build configuration list for PBXNativeTarget "YouTubeAppPadcUITests" */;
			buildPhases = (
				3502B4DB29C08A3F00C322FA /* Sources */,
				3502B4DC29C08A3F00C322FA /* Frameworks */,
				3502B4DD29C08A3F00C322FA /* Resources */,
			);
			buildRules = (
			);
			dependencies = (
				3502B4E129C08A3F00C322FA /* PBXTargetDependency */,
			);
			name = YouTubeAppPadcUITests;
			productName = YouTubeAppPadcUITests;
			productReference = 3502B4DF29C08A3F00C322FA /* YouTubeAppPadcUITests.xctest */;
			productType = "com.apple.product-type.bundle.ui-testing";
		};
/* End PBXNativeTarget section */

/* Begin PBXProject section */
		3502B4B729C08A3D00C322FA /* Project object */ = {
			isa = PBXProject;
			attributes = {
				BuildIndependentTargetsInParallel = 1;
				LastSwiftUpdateCheck = 1410;
				LastUpgradeCheck = 1410;
				TargetAttributes = {
					3502B4BE29C08A3D00C322FA = {
						CreatedOnToolsVersion = 14.1;
					};
					3502B4D429C08A3F00C322FA = {
						CreatedOnToolsVersion = 14.1;
						TestTargetID = 3502B4BE29C08A3D00C322FA;
					};
					3502B4DE29C08A3F00C322FA = {
						CreatedOnToolsVersion = 14.1;
						TestTargetID = 3502B4BE29C08A3D00C322FA;
					};
				};
			};
			buildConfigurationList = 3502B4BA29C08A3D00C322FA /* Build configuration list for PBXProject "YouTubeAppPadc" */;
			compatibilityVersion = "Xcode 14.0";
			developmentRegion = en;
			hasScannedForEncodings = 0;
			knownRegions = (
				en,
				Base,
			);
			mainGroup = 3502B4B629C08A3D00C322FA;
			productRefGroup = 3502B4C029C08A3D00C322FA /* Products */;
			projectDirPath = "";
			projectRoot = "";
			targets = (
				3502B4BE29C08A3D00C322FA /* YouTubeAppPadc */,
				3502B4D429C08A3F00C322FA /* YouTubeAppPadcTests */,
				3502B4DE29C08A3F00C322FA /* YouTubeAppPadcUITests */,
			);
		};
/* End PBXProject section */

/* Begin PBXResourcesBuildPhase section */
		3502B4BD29C08A3D00C322FA /* Resources */ = {
			isa = PBXResourcesBuildPhase;
			buildActionMask = 2147483647;
			files = (
				3502B4CF29C08A3E00C322FA /* LaunchScreen.storyboard in Resources */,
				3502B4CC29C08A3E00C322FA /* Assets.xcassets in Resources */,
				3502B4F929C08CCF00C322FA /* user.jpeg in Resources */,
				35DF5E4629C173F400DD8383 /* VideoTableViewCell.xib in Resources */,
				3502B4F329C08B4500C322FA /* d4482ba4e7ebdbff7b8ba73e7d39aceb.jpg in Resources */,
				3502B4FF29C0931200C322FA /* youtube in Resources */,
				3502B4CA29C08A3D00C322FA /* Main.storyboard in Resources */,
				3502B4F629C08CA900C322FA /* image in Resources */,
				3502B4FD29C08F7900C322FA /* youtube-logo.png in Resources */,
				3502B4F729C08CA900C322FA /* logo in Resources */,
			);
			runOnlyForDeploymentPostprocessing = 0;
		};
		3502B4D329C08A3F00C322FA /* Resources */ = {
			isa = PBXResourcesBuildPhase;
			buildActionMask = 2147483647;
			files = (
			);
			runOnlyForDeploymentPostprocessing = 0;
		};
		3502B4DD29C08A3F00C322FA /* Resources */ = {
			isa = PBXResourcesBuildPhase;
			buildActionMask = 2147483647;
			files = (
			);
			runOnlyForDeploymentPostprocessing = 0;
		};
/* End PBXResourcesBuildPhase section */

/* Begin PBXSourcesBuildPhase section */
		3502B4BB29C08A3D00C322FA /* Sources */ = {
			isa = PBXSourcesBuildPhase;
			buildActionMask = 2147483647;
			files = (
				3502B4C729C08A3D00C322FA /* ViewController.swift in Sources */,
				358101F629C17AED00E518D9 /* VideoDetailsViewController.swift in Sources */,
				35DF5E4529C173F400DD8383 /* VideoTableViewCell.swift in Sources */,
				3502B4C329C08A3D00C322FA /* AppDelegate.swift in Sources */,
				3502B4C529C08A3D00C322FA /* SceneDelegate.swift in Sources */,
			);
			runOnlyForDeploymentPostprocessing = 0;
		};
		3502B4D129C08A3F00C322FA /* Sources */ = {
			isa = PBXSourcesBuildPhase;
			buildActionMask = 2147483647;
			files = (
				3502B4DA29C08A3F00C322FA /* YouTubeAppPadcTests.swift in Sources */,
			);
			runOnlyForDeploymentPostprocessing = 0;
		};
		3502B4DB29C08A3F00C322FA /* Sources */ = {
			isa = PBXSourcesBuildPhase;
			buildActionMask = 2147483647;
			files = (
				3502B4E629C08A3F00C322FA /* YouTubeAppPadcUITestsLaunchTests.swift in Sources */,
				3502B4E429C08A3F00C322FA /* YouTubeAppPadcUITests.swift in Sources */,
			);
			runOnlyForDeploymentPostprocessing = 0;
		};
/* End PBXSourcesBuildPhase section */

/* Begin PBXTargetDependency section */
		3502B4D729C08A3F00C322FA /* PBXTargetDependency */ = {
			isa = PBXTargetDependency;
			target = 3502B4BE29C08A3D00C322FA /* YouTubeAppPadc */;
			targetProxy = 3502B4D629C08A3F00C322FA /* PBXContainerItemProxy */;
		};
		3502B4E129C08A3F00C322FA /* PBXTargetDependency */ = {
			isa = PBXTargetDependency;
			target = 3502B4BE29C08A3D00C322FA /* YouTubeAppPadc */;
			targetProxy = 3502B4E029C08A3F00C322FA /* PBXContainerItemProxy */;
		};
/* End PBXTargetDependency section */

/* Begin PBXVariantGroup section */
		3502B4C829C08A3D00C322FA /* Main.storyboard */ = {
			isa = PBXVariantGroup;
			children = (
				3502B4C929C08A3D00C322FA /* Base */,
			);
			name = Main.storyboard;
			sourceTree = "<group>";
		};
		3502B4CD29C08A3E00C322FA /* LaunchScreen.storyboard */ = {
			isa = PBXVariantGroup;
			children = (
				3502B4CE29C08A3E00C322FA /* Base */,
			);
			name = LaunchScreen.storyboard;
			sourceTree = "<group>";
		};
/* End PBXVariantGroup section */

/* Begin XCBuildConfiguration section */
		3502B4E729C08A3F00C322FA /* Debug */ = {
			isa = XCBuildConfiguration;
			buildSettings = {
				ALWAYS_SEARCH_USER_PATHS = NO;
				CLANG_ANALYZER_NONNULL = YES;
				CLANG_ANALYZER_NUMBER_OBJECT_CONVERSION = YES_AGGRESSIVE;
				CLANG_CXX_LANGUAGE_STANDARD = "gnu++20";
				CLANG_ENABLE_MODULES = YES;
				CLANG_ENABLE_OBJC_ARC = YES;
				CLANG_ENABLE_OBJC_WEAK = YES;
				CLANG_WARN_BLOCK_CAPTURE_AUTORELEASING = YES;
				CLANG_WARN_BOOL_CONVERSION = YES;
				CLANG_WARN_COMMA = YES;
				CLANG_WARN_CONSTANT_CONVERSION = YES;
				CLANG_WARN_DEPRECATED_OBJC_IMPLEMENTATIONS = YES;
				CLANG_WARN_DIRECT_OBJC_ISA_USAGE = YES_ERROR;
				CLANG_WARN_DOCUMENTATION_COMMENTS = YES;
				CLANG_WARN_EMPTY_BODY = YES;
				CLANG_WARN_ENUM_CONVERSION = YES;
				CLANG_WARN_INFINITE_RECURSION = YES;
				CLANG_WARN_INT_CONVERSION = YES;
				CLANG_WARN_NON_LITERAL_NULL_CONVERSION = YES;
				CLANG_WARN_OBJC_IMPLICIT_RETAIN_SELF = YES;
				CLANG_WARN_OBJC_LITERAL_CONVERSION = YES;
				CLANG_WARN_OBJC_ROOT_CLASS = YES_ERROR;
				CLANG_WARN_QUOTED_INCLUDE_IN_FRAMEWORK_HEADER = YES;
				CLANG_WARN_RANGE_LOOP_ANALYSIS = YES;
				CLANG_WARN_STRICT_PROTOTYPES = YES;
				CLANG_WARN_SUSPICIOUS_MOVE = YES;
				CLANG_WARN_UNGUARDED_AVAILABILITY = YES_AGGRESSIVE;
				CLANG_WARN_UNREACHABLE_CODE = YES;
				CLANG_WARN__DUPLICATE_METHOD_MATCH = YES;
				COPY_PHASE_STRIP = NO;
				DEBUG_INFORMATION_FORMAT = dwarf;
				ENABLE_STRICT_OBJC_MSGSEND = YES;
				ENABLE_TESTABILITY = YES;
				GCC_C_LANGUAGE_STANDARD = gnu11;
				GCC_DYNAMIC_NO_PIC = NO;
				GCC_NO_COMMON_BLOCKS = YES;
				GCC_OPTIMIZATION_LEVEL = 0;
				GCC_PREPROCESSOR_DEFINITIONS = (
					"DEBUG=1",
					"$(inherited)",
				);
				GCC_WARN_64_TO_32_BIT_CONVERSION = YES;
				GCC_WARN_ABOUT_RETURN_TYPE = YES_ERROR;
				GCC_WARN_UNDECLARED_SELECTOR = YES;
				GCC_WARN_UNINITIALIZED_AUTOS = YES_AGGRESSIVE;
				GCC_WARN_UNUSED_FUNCTION = YES;
				GCC_WARN_UNUSED_VARIABLE = YES;
				IPHONEOS_DEPLOYMENT_TARGET = 16.1;
				MTL_ENABLE_DEBUG_INFO = INCLUDE_SOURCE;
				MTL_FAST_MATH = YES;
				ONLY_ACTIVE_ARCH = YES;
				SDKROOT = iphoneos;
				SWIFT_ACTIVE_COMPILATION_CONDITIONS = DEBUG;
				SWIFT_OPTIMIZATION_LEVEL = "-Onone";
			};
			name = Debug;
		};
		3502B4E829C08A3F00C322FA /* Release */ = {
			isa = XCBuildConfiguration;
			buildSettings = {
				ALWAYS_SEARCH_USER_PATHS = NO;
				CLANG_ANALYZER_NONNULL = YES;
				CLANG_ANALYZER_NUMBER_OBJECT_CONVERSION = YES_AGGRESSIVE;
				CLANG_CXX_LANGUAGE_STANDARD = "gnu++20";
				CLANG_ENABLE_MODULES = YES;
				CLANG_ENABLE_OBJC_ARC = YES;
				CLANG_ENABLE_OBJC_WEAK = YES;
				CLANG_WARN_BLOCK_CAPTURE_AUTORELEASING = YES;
				CLANG_WARN_BOOL_CONVERSION = YES;
				CLANG_WARN_COMMA = YES;
				CLANG_WARN_CONSTANT_CONVERSION = YES;
				CLANG_WARN_DEPRECATED_OBJC_IMPLEMENTATIONS = YES;
				CLANG_WARN_DIRECT_OBJC_ISA_USAGE = YES_ERROR;
				CLANG_WARN_DOCUMENTATION_COMMENTS = YES;
				CLANG_WARN_EMPTY_BODY = YES;
				CLANG_WARN_ENUM_CONVERSION = YES;
				CLANG_WARN_INFINITE_RECURSION = YES;
				CLANG_WARN_INT_CONVERSION = YES;
				CLANG_WARN_NON_LITERAL_NULL_CONVERSION = YES;
				CLANG_WARN_OBJC_IMPLICIT_RETAIN_SELF = YES;
				CLANG_WARN_OBJC_LITERAL_CONVERSION = YES;
				CLANG_WARN_OBJC_ROOT_CLASS = YES_ERROR;
				CLANG_WARN_QUOTED_INCLUDE_IN_FRAMEWORK_HEADER = YES;
				CLANG_WARN_RANGE_LOOP_ANALYSIS = YES;
				CLANG_WARN_STRICT_PROTOTYPES = YES;
				CLANG_WARN_SUSPICIOUS_MOVE = YES;
				CLANG_WARN_UNGUARDED_AVAILABILITY = YES_AGGRESSIVE;
				CLANG_WARN_UNREACHABLE_CODE = YES;
				CLANG_WARN__DUPLICATE_METHOD_MATCH = YES;
				COPY_PHASE_STRIP = NO;
				DEBUG_INFORMATION_FORMAT = "dwarf-with-dsym";
				ENABLE_NS_ASSERTIONS = NO;
				ENABLE_STRICT_OBJC_MSGSEND = YES;
				GCC_C_LANGUAGE_STANDARD = gnu11;
				GCC_NO_COMMON_BLOCKS = YES;
				GCC_WARN_64_TO_32_BIT_CONVERSION = YES;
				GCC_WARN_ABOUT_RETURN_TYPE = YES_ERROR;
				GCC_WARN_UNDECLARED_SELECTOR = YES;
				GCC_WARN_UNINITIALIZED_AUTOS = YES_AGGRESSIVE;
				GCC_WARN_UNUSED_FUNCTION = YES;
				GCC_WARN_UNUSED_VARIABLE = YES;
				IPHONEOS_DEPLOYMENT_TARGET = 16.1;
				MTL_ENABLE_DEBUG_INFO = NO;
				MTL_FAST_MATH = YES;
				SDKROOT = iphoneos;
				SWIFT_COMPILATION_MODE = wholemodule;
				SWIFT_OPTIMIZATION_LEVEL = "-O";
				VALIDATE_PRODUCT = YES;
			};
			name = Release;
		};
		3502B4EA29C08A3F00C322FA /* Debug */ = {
			isa = XCBuildConfiguration;
			buildSettings = {
				ASSETCATALOG_COMPILER_APPICON_NAME = AppIcon;
				ASSETCATALOG_COMPILER_GLOBAL_ACCENT_COLOR_NAME = AccentColor;
				CODE_SIGN_STYLE = Automatic;
				CURRENT_PROJECT_VERSION = 1;
				DEVELOPMENT_TEAM = BKQZJZBZM5;
				GENERATE_INFOPLIST_FILE = YES;
				INFOPLIST_FILE = YouTubeAppPadc/Info.plist;
				INFOPLIST_KEY_UIApplicationSupportsIndirectInputEvents = YES;
				INFOPLIST_KEY_UILaunchStoryboardName = LaunchScreen;
				INFOPLIST_KEY_UIMainStoryboardFile = Main;
				INFOPLIST_KEY_UISupportedInterfaceOrientations_iPad = "UIInterfaceOrientationPortrait UIInterfaceOrientationPortraitUpsideDown UIInterfaceOrientationLandscapeLeft UIInterfaceOrientationLandscapeRight";
				INFOPLIST_KEY_UISupportedInterfaceOrientations_iPhone = "UIInterfaceOrientationPortrait UIInterfaceOrientationLandscapeLeft UIInterfaceOrientationLandscapeRight";
				LD_RUNPATH_SEARCH_PATHS = (
					"$(inherited)",
					"@executable_path/Frameworks",
				);
				MARKETING_VERSION = 1.0;
				PRODUCT_BUNDLE_IDENTIFIER = com.padc.youtubeapp.YouTubeAppPadc;
				PRODUCT_NAME = "$(TARGET_NAME)";
				SWIFT_EMIT_LOC_STRINGS = YES;
				SWIFT_VERSION = 5.0;
				TARGETED_DEVICE_FAMILY = "1,2";
			};
			name = Debug;
		};
		3502B4EB29C08A3F00C322FA /* Release */ = {
			isa = XCBuildConfiguration;
			buildSettings = {
				ASSETCATALOG_COMPILER_APPICON_NAME = AppIcon;
				ASSETCATALOG_COMPILER_GLOBAL_ACCENT_COLOR_NAME = AccentColor;
				CODE_SIGN_STYLE = Automatic;
				CURRENT_PROJECT_VERSION = 1;
				DEVELOPMENT_TEAM = BKQZJZBZM5;
				GENERATE_INFOPLIST_FILE = YES;
				INFOPLIST_FILE = YouTubeAppPadc/Info.plist;
				INFOPLIST_KEY_UIApplicationSupportsIndirectInputEvents = YES;
				INFOPLIST_KEY_UILaunchStoryboardName = LaunchScreen;
				INFOPLIST_KEY_UIMainStoryboardFile = Main;
				INFOPLIST_KEY_UISupportedInterfaceOrientations_iPad = "UIInterfaceOrientationPortrait UIInterfaceOrientationPortraitUpsideDown UIInterfaceOrientationLandscapeLeft UIInterfaceOrientationLandscapeRight";
				INFOPLIST_KEY_UISupportedInterfaceOrientations_iPhone = "UIInterfaceOrientationPortrait UIInterfaceOrientationLandscapeLeft UIInterfaceOrientationLandscapeRight";
				LD_RUNPATH_SEARCH_PATHS = (
					"$(inherited)",
					"@executable_path/Frameworks",
				);
				MARKETING_VERSION = 1.0;
				PRODUCT_BUNDLE_IDENTIFIER = com.padc.youtubeapp.YouTubeAppPadc;
				PRODUCT_NAME = "$(TARGET_NAME)";
				SWIFT_EMIT_LOC_STRINGS = YES;
				SWIFT_VERSION = 5.0;
				TARGETED_DEVICE_FAMILY = "1,2";
			};
			name = Release;
		};
		3502B4ED29C08A3F00C322FA /* Debug */ = {
			isa = XCBuildConfiguration;
			buildSettings = {
				ALWAYS_EMBED_SWIFT_STANDARD_LIBRARIES = YES;
				BUNDLE_LOADER = "$(TEST_HOST)";
				CODE_SIGN_STYLE = Automatic;
				CURRENT_PROJECT_VERSION = 1;
				DEVELOPMENT_TEAM = BKQZJZBZM5;
				GENERATE_INFOPLIST_FILE = YES;
				IPHONEOS_DEPLOYMENT_TARGET = 16.1;
				MARKETING_VERSION = 1.0;
				PRODUCT_BUNDLE_IDENTIFIER = com.padc.youtubeapp.YouTubeAppPadcTests;
				PRODUCT_NAME = "$(TARGET_NAME)";
				SWIFT_EMIT_LOC_STRINGS = NO;
				SWIFT_VERSION = 5.0;
				TARGETED_DEVICE_FAMILY = "1,2";
				TEST_HOST = "$(BUILT_PRODUCTS_DIR)/YouTubeAppPadc.app/$(BUNDLE_EXECUTABLE_FOLDER_PATH)/YouTubeAppPadc";
			};
			name = Debug;
		};
		3502B4EE29C08A3F00C322FA /* Release */ = {
			isa = XCBuildConfiguration;
			buildSettings = {
				ALWAYS_EMBED_SWIFT_STANDARD_LIBRARIES = YES;
				BUNDLE_LOADER = "$(TEST_HOST)";
				CODE_SIGN_STYLE = Automatic;
				CURRENT_PROJECT_VERSION = 1;
				DEVELOPMENT_TEAM = BKQZJZBZM5;
				GENERATE_INFOPLIST_FILE = YES;
				IPHONEOS_DEPLOYMENT_TARGET = 16.1;
				MARKETING_VERSION = 1.0;
				PRODUCT_BUNDLE_IDENTIFIER = com.padc.youtubeapp.YouTubeAppPadcTests;
				PRODUCT_NAME = "$(TARGET_NAME)";
				SWIFT_EMIT_LOC_STRINGS = NO;
				SWIFT_VERSION = 5.0;
				TARGETED_DEVICE_FAMILY = "1,2";
				TEST_HOST = "$(BUILT_PRODUCTS_DIR)/YouTubeAppPadc.app/$(BUNDLE_EXECUTABLE_FOLDER_PATH)/YouTubeAppPadc";
			};
			name = Release;
		};
		3502B4F029C08A3F00C322FA /* Debug */ = {
			isa = XCBuildConfiguration;
			buildSettings = {
				ALWAYS_EMBED_SWIFT_STANDARD_LIBRARIES = YES;
				CODE_SIGN_STYLE = Automatic;
				CURRENT_PROJECT_VERSION = 1;
				DEVELOPMENT_TEAM = BKQZJZBZM5;
				GENERATE_INFOPLIST_FILE = YES;
				MARKETING_VERSION = 1.0;
				PRODUCT_BUNDLE_IDENTIFIER = com.padc.youtubeapp.YouTubeAppPadcUITests;
				PRODUCT_NAME = "$(TARGET_NAME)";
				SWIFT_EMIT_LOC_STRINGS = NO;
				SWIFT_VERSION = 5.0;
				TARGETED_DEVICE_FAMILY = "1,2";
				TEST_TARGET_NAME = YouTubeAppPadc;
			};
			name = Debug;
		};
		3502B4F129C08A3F00C322FA /* Release */ = {
			isa = XCBuildConfiguration;
			buildSettings = {
				ALWAYS_EMBED_SWIFT_STANDARD_LIBRARIES = YES;
				CODE_SIGN_STYLE = Automatic;
				CURRENT_PROJECT_VERSION = 1;
				DEVELOPMENT_TEAM = BKQZJZBZM5;
				GENERATE_INFOPLIST_FILE = YES;
				MARKETING_VERSION = 1.0;
				PRODUCT_BUNDLE_IDENTIFIER = com.padc.youtubeapp.YouTubeAppPadcUITests;
				PRODUCT_NAME = "$(TARGET_NAME)";
				SWIFT_EMIT_LOC_STRINGS = NO;
				SWIFT_VERSION = 5.0;
				TARGETED_DEVICE_FAMILY = "1,2";
				TEST_TARGET_NAME = YouTubeAppPadc;
			};
			name = Release;
		};
/* End XCBuildConfiguration section */

/* Begin XCConfigurationList section */
		3502B4BA29C08A3D00C322FA /* Build configuration list for PBXProject "YouTubeAppPadc" */ = {
			isa = XCConfigurationList;
			buildConfigurations = (
				3502B4E729C08A3F00C322FA /* Debug */,
				3502B4E829C08A3F00C322FA /* Release */,
			);
			defaultConfigurationIsVisible = 0;
			defaultConfigurationName = Release;
		};
		3502B4E929C08A3F00C322FA /* Build configuration list for PBXNativeTarget "YouTubeAppPadc" */ = {
			isa = XCConfigurationList;
			buildConfigurations = (
				3502B4EA29C08A3F00C322FA /* Debug */,
				3502B4EB29C08A3F00C322FA /* Release */,
			);
			defaultConfigurationIsVisible = 0;
			defaultConfigurationName = Release;
		};
		3502B4EC29C08A3F00C322FA /* Build configuration list for PBXNativeTarget "YouTubeAppPadcTests" */ = {
			isa = XCConfigurationList;
			buildConfigurations = (
				3502B4ED29C08A3F00C322FA /* Debug */,
				3502B4EE29C08A3F00C322FA /* Release */,
			);
			defaultConfigurationIsVisible = 0;
			defaultConfigurationName = Release;
		};
		3502B4EF29C08A3F00C322FA /* Build configuration list for PBXNativeTarget "YouTubeAppPadcUITests" */ = {
			isa = XCConfigurationList;
			buildConfigurations = (
				3502B4F029C08A3F00C322FA /* Debug */,
				3502B4F129C08A3F00C322FA /* Release */,
			);
			defaultConfigurationIsVisible = 0;
			defaultConfigurationName = Release;
		};
/* End XCConfigurationList section */
	};
	rootObject = 3502B4B729C08A3D00C322FA /* Project object */;
}
